
Microsoft Visual Studio Solution File, Format Version 12.00
# Visual Studio Version 17
VisualStudioVersion = 17.4.33110.190
MinimumVisualStudioVersion = 10.0.40219.1
Project("{FAE04EC0-301F-11D3-BF4B-00C04F79EFBC}") = "TKinito.UWP", "TKinito.UWP\TKinito.UWP.csproj", "{B4246232-8014-417A-A6FE-02AD16812AD8}"
EndProject
Project("{FAE04EC0-301F-11D3-BF4B-00C04F79EFBC}") = "TKinito.Android", "TKinito.Android\TKinito.Android.csproj", "{E89593A9-F0F3-46A4-8624-8F0AA9AA6D0B}"
EndProject
Project("{FAE04EC0-301F-11D3-BF4B-00C04F79EFBC}") = "TKinito.iOS", "TKinito.iOS\TKinito.iOS.csproj", "{DD991447-B6AD-42D9-853D-14B4D5D8F8D1}"
EndProject
Project("{FAE04EC0-301F-11D3-BF4B-00C04F79EFBC}") = "TKinito", "TKinito\TKinito.csproj", "{097C7D99-05AF-43E3-935C-F5A438C5C9B8}"
EndProject
Global
	GlobalSection(SolutionConfigurationPlatforms) = preSolution
		Debug|Any CPU = Debug|Any CPU
		Debug|ARM = Debug|ARM
		Debug|iPhone = Debug|iPhone
		Debug|iPhoneSimulator = Debug|iPhoneSimulator
		Debug|x64 = Debug|x64
		Debug|x86 = Debug|x86
		Release|Any CPU = Release|Any CPU
		Release|ARM = Release|ARM
		Release|iPhone = Release|iPhone
		Release|iPhoneSimulator = Release|iPhoneSimulator
		Release|x64 = Release|x64
		Release|x86 = Release|x86
	EndGlobalSection
	GlobalSection(ProjectConfigurationPlatforms) = postSolution
		{B4246232-8014-417A-A6FE-02AD16812AD8}.Debug|Any CPU.ActiveCfg = Debug|x64
		{B4246232-8014-417A-A6FE-02AD16812AD8}.Debug|Any CPU.Build.0 = Debug|x64
		{B4246232-8014-417A-A6FE-02AD16812AD8}.Debug|Any CPU.Deploy.0 = Debug|x64
		{B4246232-8014-417A-A6FE-02AD16812AD8}.Debug|ARM.ActiveCfg = Debug|ARM
		{B4246232-8014-417A-A6FE-02AD16812AD8}.Debug|ARM.Build.0 = Debug|ARM
		{B4246232-8014-417A-A6FE-02AD16812AD8}.Debug|ARM.Deploy.0 = Debug|ARM
		{B4246232-8014-417A-A6FE-02AD16812AD8}.Debug|iPhone.ActiveCfg = Debug|x64
		{B4246232-8014-417A-A6FE-02AD16812AD8}.Debug|iPhone.Build.0 = Debug|x64
		{B4246232-8014-417A-A6FE-02AD16812AD8}.Debug|iPhone.Deploy.0 = Debug|x64
		{B4246232-8014-417A-A6FE-02AD16812AD8}.Debug|iPhoneSimulator.ActiveCfg = Debug|x64
		{B4246232-8014-417A-A6FE-02AD16812AD8}.Debug|iPhoneSimulator.Build.0 = Debug|x64
		{B4246232-8014-417A-A6FE-02AD16812AD8}.Debug|iPhoneSimulator.Deploy.0 = Debug|x64
		{B4246232-8014-417A-A6FE-02AD16812AD8}.Debug|x64.ActiveCfg = Debug|x64
		{B4246232-8014-417A-A6FE-02AD16812AD8}.Debug|x64.Build.0 = Debug|x64
		{B4246232-8014-417A-A6FE-02AD16812AD8}.Debug|x64.Deploy.0 = Debug|x64
		{B4246232-8014-417A-A6FE-02AD16812AD8}.Debug|x86.ActiveCfg = Debug|x86
		{B4246232-8014-417A-A6FE-02AD16812AD8}.Debug|x86.Build.0 = Debug|x86
		{B4246232-8014-417A-A6FE-02AD16812AD8}.Debug|x86.Deploy.0 = Debug|x86
		{B4246232-8014-417A-A6FE-02AD16812AD8}.Release|Any CPU.ActiveCfg = Release|x64
		{B4246232-8014-417A-A6FE-02AD16812AD8}.Release|Any CPU.Build.0 = Release|x64
		{B4246232-8014-417A-A6FE-02AD16812AD8}.Release|Any CPU.Deploy.0 = Release|x64
		{B4246232-8014-417A-A6FE-02AD16812AD8}.Release|ARM.ActiveCfg = Release|ARM
		{B4246232-8014-417A-A6FE-02AD16812AD8}.Release|ARM.Build.0 = Release|ARM
		{B4246232-8014-417A-A6FE-02AD16812AD8}.Release|ARM.Deploy.0 = Release|ARM
		{B4246232-8014-417A-A6FE-02AD16812AD8}.Release|iPhone.ActiveCfg = Release|x64
		{B4246232-8014-417A-A6FE-02AD16812AD8}.Release|iPhone.Build.0 = Release|x64
		{B4246232-8014-417A-A6FE-02AD16812AD8}.Release|iPhone.Deploy.0 = Release|x64
		{B4246232-8014-417A-A6FE-02AD16812AD8}.Release|iPhoneSimulator.ActiveCfg = Release|x64
		{B4246232-8014-417A-A6FE-02AD16812AD8}.Release|iPhoneSimulator.Build.0 = Release|x64
		{B4246232-8014-417A-A6FE-02AD16812AD8}.Release|iPhoneSimulator.Deploy.0 = Release|x64
		{B4246232-8014-417A-A6FE-02AD16812AD8}.Release|x64.ActiveCfg = Release|x64
		{B4246232-8014-417A-A6FE-02AD16812AD8}.Release|x64.Build.0 = Release|x64
		{B4246232-8014-417A-A6FE-02AD16812AD8}.Release|x64.Deploy.0 = Release|x64
		{B4246232-8014-417A-A6FE-02AD16812AD8}.Release|x86.ActiveCfg = Release|x86
		{B4246232-8014-417A-A6FE-02AD16812AD8}.Release|x86.Build.0 = Release|x86
		{B4246232-8014-417A-A6FE-02AD16812AD8}.Release|x86.Deploy.0 = Release|x86
		{E89593A9-F0F3-46A4-8624-8F0AA9AA6D0B}.Debug|Any CPU.ActiveCfg = Debug|Any CPU
		{E89593A9-F0F3-46A4-8624-8F0AA9AA6D0B}.Debug|Any CPU.Build.0 = Debug|Any CPU
		{E89593A9-F0F3-46A4-8624-8F0AA9AA6D0B}.Debug|Any CPU.Deploy.0 = Debug|Any CPU
		{E89593A9-F0F3-46A4-8624-8F0AA9AA6D0B}.Debug|ARM.ActiveCfg = Debug|Any CPU
		{E89593A9-F0F3-46A4-8624-8F0AA9AA6D0B}.Debug|ARM.Build.0 = Debug|Any CPU
		{E89593A9-F0F3-46A4-8624-8F0AA9AA6D0B}.Debug|ARM.Deploy.0 = Debug|Any CPU
		{E89593A9-F0F3-46A4-8624-8F0AA9AA6D0B}.Debug|iPhone.ActiveCfg = Debug|Any CPU
		{E89593A9-F0F3-46A4-8624-8F0AA9AA6D0B}.Debug|iPhone.Build.0 = Debug|Any CPU
		{E89593A9-F0F3-46A4-8624-8F0AA9AA6D0B}.Debug|iPhone.Deploy.0 = Debug|Any CPU
		{E89593A9-F0F3-46A4-8624-8F0AA9AA6D0B}.Debug|iPhoneSimulator.ActiveCfg = Debug|Any CPU
		{E89593A9-F0F3-46A4-8624-8F0AA9AA6D0B}.Debug|iPhoneSimulator.Build.0 = Debug|Any CPU
		{E89593A9-F0F3-46A4-8624-8F0AA9AA6D0B}.Debug|iPhoneSimulator.Deploy.0 = Debug|Any CPU
		{E89593A9-F0F3-46A4-8624-8F0AA9AA6D0B}.Debug|x64.ActiveCfg = Debug|Any CPU
		{E89593A9-F0F3-46A4-8624-8F0AA9AA6D0B}.Debug|x64.Build.0 = Debug|Any CPU
		{E89593A9-F0F3-46A4-8624-8F0AA9AA6D0B}.Debug|x64.Deploy.0 = Debug|Any CPU
		{E89593A9-F0F3-46A4-8624-8F0AA9AA6D0B}.Debug|x86.ActiveCfg = Debug|Any CPU
		{E89593A9-F0F3-46A4-8624-8F0AA9AA6D0B}.Debug|x86.Build.0 = Debug|Any CPU
		{E89593A9-F0F3-46A4-8624-8F0AA9AA6D0B}.Debug|x86.Deploy.0 = Debug|Any CPU
		{E89593A9-F0F3-46A4-8624-8F0AA9AA6D0B}.Release|Any CPU.ActiveCfg = Release|Any CPU
		{E89593A9-F0F3-46A4-8624-8F0AA9AA6D0B}.Release|Any CPU.Build.0 = Release|Any CPU
		{E89593A9-F0F3-46A4-8624-8F0AA9AA6D0B}.Release|Any CPU.Deploy.0 = Release|Any CPU
		{E89593A9-F0F3-46A4-8624-8F0AA9AA6D0B}.Release|ARM.ActiveCfg = Release|Any CPU
		{E89593A9-F0F3-46A4-8624-8F0AA9AA6D0B}.Release|ARM.Build.0 = Release|Any CPU
		{E89593A9-F0F3-46A4-8624-8F0AA9AA6D0B}.Release|ARM.Deploy.0 = Release|Any CPU
		{E89593A9-F0F3-46A4-8624-8F0AA9AA6D0B}.Release|iPhone.ActiveCfg = Release|Any CPU
		{E89593A9-F0F3-46A4-8624-8F0AA9AA6D0B}.Release|iPhone.Build.0 = Release|Any CPU
		{E89593A9-F0F3-46A4-8624-8F0AA9AA6D0B}.Release|iPhone.Deploy.0 = Release|Any CPU
		{E89593A9-F0F3-46A4-8624-8F0AA9AA6D0B}.Release|iPhoneSimulator.ActiveCfg = Release|Any CPU
		{E89593A9-F0F3-46A4-8624-8F0AA9AA6D0B}.Release|iPhoneSimulator.Build.0 = Release|Any CPU
		{E89593A9-F0F3-46A4-8624-8F0AA9AA6D0B}.Release|iPhoneSimulator.Deploy.0 = Release|Any CPU
		{E89593A9-F0F3-46A4-8624-8F0AA9AA6D0B}.Release|x64.ActiveCfg = Release|Any CPU
		{E89593A9-F0F3-46A4-8624-8F0AA9AA6D0B}.Release|x64.Build.0 = Release|Any CPU
		{E89593A9-F0F3-46A4-8624-8F0AA9AA6D0B}.Release|x64.Deploy.0 = Release|Any CPU
		{E89593A9-F0F3-46A4-8624-8F0AA9AA6D0B}.Release|x86.ActiveCfg = Release|Any CPU
		{E89593A9-F0F3-46A4-8624-8F0AA9AA6D0B}.Release|x86.Build.0 = Release|Any CPU
		{E89593A9-F0F3-46A4-8624-8F0AA9AA6D0B}.Release|x86.Deploy.0 = Release|Any CPU
		{DD991447-B6AD-42D9-853D-14B4D5D8F8D1}.Debug|Any CPU.ActiveCfg = Debug|iPhoneSimulator
		{DD991447-B6AD-42D9-853D-14B4D5D8F8D1}.Debug|Any CPU.Build.0 = Debug|iPhoneSimulator
		{DD991447-B6AD-42D9-853D-14B4D5D8F8D1}.Debug|Any CPU.Deploy.0 = Debug|iPhoneSimulator
		{DD991447-B6AD-42D9-853D-14B4D5D8F8D1}.Debug|ARM.ActiveCfg = Debug|iPhoneSimulator
		{DD991447-B6AD-42D9-853D-14B4D5D8F8D1}.Debug|ARM.Build.0 = Debug|iPhoneSimulator
		{DD991447-B6AD-42D9-853D-14B4D5D8F8D1}.Debug|ARM.Deploy.0 = Debug|iPhoneSimulator
		{DD991447-B6AD-42D9-853D-14B4D5D8F8D1}.Debug|iPhone.ActiveCfg = Debug|iPhone
		{DD991447-B6AD-42D9-853D-14B4D5D8F8D1}.Debug|iPhone.Build.0 = Debug|iPhone
		{DD991447-B6AD-42D9-853D-14B4D5D8F8D1}.Debug|iPhone.Deploy.0 = Debug|iPhone
		{DD991447-B6AD-42D9-853D-14B4D5D8F8D1}.Debug|iPhoneSimulator.ActiveCfg = Debug|iPhoneSimulator
		{DD991447-B6AD-42D9-853D-14B4D5D8F8D1}.Debug|iPhoneSimulator.Build.0 = Debug|iPhoneSimulator
		{DD991447-B6AD-42D9-853D-14B4D5D8F8D1}.Debug|iPhoneSimulator.Deploy.0 = Debug|iPhoneSimulator
		{DD991447-B6AD-42D9-853D-14B4D5D8F8D1}.Debug|x64.ActiveCfg = Debug|iPhone
		{DD991447-B6AD-42D9-853D-14B4D5D8F8D1}.Debug|x64.Build.0 = Debug|iPhone
		{DD991447-B6AD-42D9-853D-14B4D5D8F8D1}.Debug|x64.Deploy.0 = Debug|iPhone
		{DD991447-B6AD-42D9-853D-14B4D5D8F8D1}.Debug|x86.ActiveCfg = Debug|iPhoneSimulator
		{DD991447-B6AD-42D9-853D-14B4D5D8F8D1}.Debug|x86.Build.0 = Debug|iPhoneSimulator
		{DD991447-B6AD-42D9-853D-14B4D5D8F8D1}.Debug|x86.Deploy.0 = Debug|iPhoneSimulator
		{DD991447-B6AD-42D9-853D-14B4D5D8F8D1}.Release|Any CPU.ActiveCfg = Release|iPhoneSimulator
		{DD991447-B6AD-42D9-853D-14B4D5D8F8D1}.Release|Any CPU.Build.0 = Release|iPhoneSimulator
		{DD991447-B6AD-42D9-853D-14B4D5D8F8D1}.Release|Any CPU.Deploy.0 = Release|iPhoneSimulator
		{DD991447-B6AD-42D9-853D-14B4D5D8F8D1}.Release|ARM.ActiveCfg = Release|iPhoneSimulator
		{DD991447-B6AD-42D9-853D-14B4D5D8F8D1}.Release|ARM.Build.0 = Release|iPhoneSimulator
		{DD991447-B6AD-42D9-853D-14B4D5D8F8D1}.Release|ARM.Deploy.0 = Release|iPhoneSimulator
		{DD991447-B6AD-42D9-853D-14B4D5D8F8D1}.Release|iPhone.ActiveCfg = Release|iPhone
		{DD991447-B6AD-42D9-853D-14B4D5D8F8D1}.Release|iPhone.Build.0 = Release|iPhone
		{DD991447-B6AD-42D9-853D-14B4D5D8F8D1}.Release|iPhone.Deploy.0 = Release|iPhone
		{DD991447-B6AD-42D9-853D-14B4D5D8F8D1}.Release|iPhoneSimulator.ActiveCfg = Release|iPhoneSimulator
		{DD991447-B6AD-42D9-853D-14B4D5D8F8D1}.Release|iPhoneSimulator.Build.0 = Release|iPhoneSimulator
		{DD991447-B6AD-42D9-853D-14B4D5D8F8D1}.Release|iPhoneSimulator.Deploy.0 = Release|iPhoneSimulator
		{DD991447-B6AD-42D9-853D-14B4D5D8F8D1}.Release|x64.ActiveCfg = Release|iPhoneSimulator
		{DD991447-B6AD-42D9-853D-14B4D5D8F8D1}.Release|x64.Build.0 = Release|iPhoneSimulator
		{DD991447-B6AD-42D9-853D-14B4D5D8F8D1}.Release|x64.Deploy.0 = Release|iPhoneSimulator
		{DD991447-B6AD-42D9-853D-14B4D5D8F8D1}.Release|x86.ActiveCfg = Release|iPhoneSimulator
		{DD991447-B6AD-42D9-853D-14B4D5D8F8D1}.Release|x86.Build.0 = Release|iPhoneSimulator
		{DD991447-B6AD-42D9-853D-14B4D5D8F8D1}.Release|x86.Deploy.0 = Release|iPhoneSimulator
		{097C7D99-05AF-43E3-935C-F5A438C5C9B8}.Debug|Any CPU.ActiveCfg = Debug|Any CPU
		{097C7D99-05AF-43E3-935C-F5A438C5C9B8}.Debug|Any CPU.Build.0 = Debug|Any CPU
		{097C7D99-05AF-43E3-935C-F5A438C5C9B8}.Debug|Any CPU.Deploy.0 = Debug|Any CPU
		{097C7D99-05AF-43E3-935C-F5A438C5C9B8}.Debug|ARM.ActiveCfg = Debug|Any CPU
		{097C7D99-05AF-43E3-935C-F5A438C5C9B8}.Debug|ARM.Build.0 = Debug|Any CPU
		{097C7D99-05AF-43E3-935C-F5A438C5C9B8}.Debug|ARM.Deploy.0 = Debug|Any CPU
		{097C7D99-05AF-43E3-935C-F5A438C5C9B8}.Debug|iPhone.ActiveCfg = Debug|Any CPU
		{097C7D99-05AF-43E3-935C-F5A438C5C9B8}.Debug|iPhone.Build.0 = Debug|Any CPU
		{097C7D99-05AF-43E3-935C-F5A438C5C9B8}.Debug|iPhone.Deploy.0 = Debug|Any CPU
		{097C7D99-05AF-43E3-935C-F5A438C5C9B8}.Debug|iPhoneSimulator.ActiveCfg = Debug|Any CPU
		{097C7D99-05AF-43E3-935C-F5A438C5C9B8}.Debug|iPhoneSimulator.Build.0 = Debug|Any CPU
		{097C7D99-05AF-43E3-935C-F5A438C5C9B8}.Debug|iPhoneSimulator.Deploy.0 = Debug|Any CPU
		{097C7D99-05AF-43E3-935C-F5A438C5C9B8}.Debug|x64.ActiveCfg = Debug|Any CPU
		{097C7D99-05AF-43E3-935C-F5A438C5C9B8}.Debug|x64.Build.0 = Debug|Any CPU
		{097C7D99-05AF-43E3-935C-F5A438C5C9B8}.Debug|x64.Deploy.0 = Debug|Any CPU
		{097C7D99-05AF-43E3-935C-F5A438C5C9B8}.Debug|x86.ActiveCfg = Debug|Any CPU
		{097C7D99-05AF-43E3-935C-F5A438C5C9B8}.Debug|x86.Build.0 = Debug|Any CPU
		{097C7D99-05AF-43E3-935C-F5A438C5C9B8}.Debug|x86.Deploy.0 = Debug|Any CPU
		{097C7D99-05AF-43E3-935C-F5A438C5C9B8}.Release|Any CPU.ActiveCfg = Release|Any CPU
		{097C7D99-05AF-43E3-935C-F5A438C5C9B8}.Release|Any CPU.Build.0 = Release|Any CPU
		{097C7D99-05AF-43E3-935C-F5A438C5C9B8}.Release|Any CPU.Deploy.0 = Release|Any CPU
		{097C7D99-05AF-43E3-935C-F5A438C5C9B8}.Release|ARM.ActiveCfg = Release|Any CPU
		{097C7D99-05AF-43E3-935C-F5A438C5C9B8}.Release|ARM.Build.0 = Release|Any CPU
		{097C7D99-05AF-43E3-935C-F5A438C5C9B8}.Release|ARM.Deploy.0 = Release|Any CPU
		{097C7D99-05AF-43E3-935C-F5A438C5C9B8}.Release|iPhone.ActiveCfg = Release|Any CPU
		{097C7D99-05AF-43E3-935C-F5A438C5C9B8}.Release|iPhone.Build.0 = Release|Any CPU
		{097C7D99-05AF-43E3-935C-F5A438C5C9B8}.Release|iPhone.Deploy.0 = Release|Any CPU
		{097C7D99-05AF-43E3-935C-F5A438C5C9B8}.Release|iPhoneSimulator.ActiveCfg = Release|Any CPU
		{097C7D99-05AF-43E3-935C-F5A438C5C9B8}.Release|iPhoneSimulator.Build.0 = Release|Any CPU
		{097C7D99-05AF-43E3-935C-F5A438C5C9B8}.Release|iPhoneSimulator.Deploy.0 = Release|Any CPU
		{097C7D99-05AF-43E3-935C-F5A438C5C9B8}.Release|x64.ActiveCfg = Release|Any CPU
		{097C7D99-05AF-43E3-935C-F5A438C5C9B8}.Release|x64.Build.0 = Release|Any CPU
		{097C7D99-05AF-43E3-935C-F5A438C5C9B8}.Release|x64.Deploy.0 = Release|Any CPU
		{097C7D99-05AF-43E3-935C-F5A438C5C9B8}.Release|x86.ActiveCfg = Release|Any CPU
		{097C7D99-05AF-43E3-935C-F5A438C5C9B8}.Release|x86.Build.0 = Release|Any CPU
		{097C7D99-05AF-43E3-935C-F5A438C5C9B8}.Release|x86.Deploy.0 = Release|Any CPU
	EndGlobalSection
	GlobalSection(SolutionProperties) = preSolution
		HideSolutionNode = FALSE
	EndGlobalSection
	GlobalSection(ExtensibilityGlobals) = postSolution
		SolutionGuid = {B2F3F816-63AD-403E-B6DD-021C5DC468D1}
	EndGlobalSection
EndGlobal
